
Microsoft Visual Studio Solution File, Format Version 12.00
# Visual Studio Version 16
VisualStudioVersion = 16.0.31402.337
MinimumVisualStudioVersion = 10.0.40219.1
Project("{9A19103F-16F7-4668-BE54-9A1E7A4F7556}") = "CursoCSharpe", "CursoCSharpe\CursoCSharpe.csproj", "{7D87CCCD-47A9-4FC7-A108-6FB7C1241CF1}"
EndProject
Project("{9A19103F-16F7-4668-BE54-9A1E7A4F7556}") = "ExercicioStringBuilder", "ExercicioStringBuilder\ExercicioStringBuilder.csproj", "{6075437F-BC58-474B-9E16-113FBC6EF5CC}"
EndProject
Project("{9A19103F-16F7-4668-BE54-9A1E7A4F7556}") = "ExecPrepostoSectionNine", "ExecPrepostoSectionNine\ExecPrepostoSectionNine.csproj", "{342640D5-CB6F-47B1-B61C-BE3EE216E34C}"
EndProject
Project("{9A19103F-16F7-4668-BE54-9A1E7A4F7556}") = "HerancaePolimorfismo", "HerancaePolimorfismo\HerancaePolimorfismo.csproj", "{3D4C92CF-EE01-4ABE-9209-718711FFBDB5}"
EndProject
Project("{FAE04EC0-301F-11D3-BF4B-00C04F79EFBC}") = "ExercicioHerancaPolimorfismo", "ExercicioHerancaPolimorfismo\ExercicioHerancaPolimorfismo.csproj", "{C171B4E7-D8AC-4C18-8FBF-CCCE4B112703}"
EndProject
Global
	GlobalSection(SolutionConfigurationPlatforms) = preSolution
		Debug|Any CPU = Debug|Any CPU
		Release|Any CPU = Release|Any CPU
	EndGlobalSection
	GlobalSection(ProjectConfigurationPlatforms) = postSolution
		{7D87CCCD-47A9-4FC7-A108-6FB7C1241CF1}.Debug|Any CPU.ActiveCfg = Debug|Any CPU
		{7D87CCCD-47A9-4FC7-A108-6FB7C1241CF1}.Debug|Any CPU.Build.0 = Debug|Any CPU
		{7D87CCCD-47A9-4FC7-A108-6FB7C1241CF1}.Release|Any CPU.ActiveCfg = Release|Any CPU
		{7D87CCCD-47A9-4FC7-A108-6FB7C1241CF1}.Release|Any CPU.Build.0 = Release|Any CPU
		{6075437F-BC58-474B-9E16-113FBC6EF5CC}.Debug|Any CPU.ActiveCfg = Debug|Any CPU
		{6075437F-BC58-474B-9E16-113FBC6EF5CC}.Debug|Any CPU.Build.0 = Debug|Any CPU
		{6075437F-BC58-474B-9E16-113FBC6EF5CC}.Release|Any CPU.ActiveCfg = Release|Any CPU
		{6075437F-BC58-474B-9E16-113FBC6EF5CC}.Release|Any CPU.Build.0 = Release|Any CPU
		{342640D5-CB6F-47B1-B61C-BE3EE216E34C}.Debug|Any CPU.ActiveCfg = Debug|Any CPU
		{342640D5-CB6F-47B1-B61C-BE3EE216E34C}.Debug|Any CPU.Build.0 = Debug|Any CPU
		{342640D5-CB6F-47B1-B61C-BE3EE216E34C}.Release|Any CPU.ActiveCfg = Release|Any CPU
		{342640D5-CB6F-47B1-B61C-BE3EE216E34C}.Release|Any CPU.Build.0 = Release|Any CPU
		{3D4C92CF-EE01-4ABE-9209-718711FFBDB5}.Debug|Any CPU.ActiveCfg = Debug|Any CPU
		{3D4C92CF-EE01-4ABE-9209-718711FFBDB5}.Debug|Any CPU.Build.0 = Debug|Any CPU
		{3D4C92CF-EE01-4ABE-9209-718711FFBDB5}.Release|Any CPU.ActiveCfg = Release|Any CPU
		{3D4C92CF-EE01-4ABE-9209-718711FFBDB5}.Release|Any CPU.Build.0 = Release|Any CPU
		{C171B4E7-D8AC-4C18-8FBF-CCCE4B112703}.Debug|Any CPU.ActiveCfg = Debug|Any CPU
		{C171B4E7-D8AC-4C18-8FBF-CCCE4B112703}.Debug|Any CPU.Build.0 = Debug|Any CPU
		{C171B4E7-D8AC-4C18-8FBF-CCCE4B112703}.Release|Any CPU.ActiveCfg = Release|Any CPU
		{C171B4E7-D8AC-4C18-8FBF-CCCE4B112703}.Release|Any CPU.Build.0 = Release|Any CPU
	EndGlobalSection
	GlobalSection(SolutionProperties) = preSolution
		HideSolutionNode = FALSE
	EndGlobalSection
	GlobalSection(ExtensibilityGlobals) = postSolution
		SolutionGuid = {F5E02FAC-F8C2-4338-BDFC-1ABF683249BA}
	EndGlobalSection
EndGlobal
