
Microsoft Visual Studio Solution File, Format Version 12.00
# Visual Studio Version 16
VisualStudioVersion = 16.0.32602.291
MinimumVisualStudioVersion = 10.0.40219.1
Project("{9A19103F-16F7-4668-BE54-9A1E7A4F7556}") = "CursoCSharpe", "CursoCSharpe\CursoCSharpe.csproj", "{7D87CCCD-47A9-4FC7-A108-6FB7C1241CF1}"
EndProject
Project("{9A19103F-16F7-4668-BE54-9A1E7A4F7556}") = "ExercicioStringBuilder", "ExercicioStringBuilder\ExercicioStringBuilder.csproj", "{6075437F-BC58-474B-9E16-113FBC6EF5CC}"
EndProject
Project("{9A19103F-16F7-4668-BE54-9A1E7A4F7556}") = "ExecPrepostoSectionNine", "ExecPrepostoSectionNine\ExecPrepostoSectionNine.csproj", "{342640D5-CB6F-47B1-B61C-BE3EE216E34C}"
EndProject
Project("{9A19103F-16F7-4668-BE54-9A1E7A4F7556}") = "HerancaePolimorfismo", "HerancaePolimorfismo\HerancaePolimorfismo.csproj", "{3D4C92CF-EE01-4ABE-9209-718711FFBDB5}"
EndProject
Project("{9A19103F-16F7-4668-BE54-9A1E7A4F7556}") = "ExercicioHerancaPolimorfismo", "ExercicioHerancaPolimorfismo\ExercicioHerancaPolimorfismo.csproj", "{C171B4E7-D8AC-4C18-8FBF-CCCE4B112703}"
EndProject
Project("{9A19103F-16F7-4668-BE54-9A1E7A4F7556}") = "ExecPropostoSectionTen", "ExecPropostoSectionTen\ExecPropostoSectionTen.csproj", "{DE0CCBF6-787B-499A-83F6-5E1244D796B7}"
EndProject
Project("{9A19103F-16F7-4668-BE54-9A1E7A4F7556}") = "AbstractMethod", "AbstractMethod\AbstractMethod.csproj", "{C92D4F3C-4C7A-491B-A77E-E10C05AB2465}"
EndProject
Project("{9A19103F-16F7-4668-BE54-9A1E7A4F7556}") = "ExecPropostoAbstractMethods", "ExecPropostoAbstractMethods\ExecPropostoAbstractMethods.csproj", "{B91AF78F-8F03-483E-8350-61B65822A8F5}"
EndProject
Project("{9A19103F-16F7-4668-BE54-9A1E7A4F7556}") = "TryCatch", "TryCatch\TryCatch.csproj", "{18A3F0B1-7639-49C8-A266-8643CA1D0772}"
EndProject
Project("{9A19103F-16F7-4668-BE54-9A1E7A4F7556}") = "CustomExceptions", "CustomExceptions\CustomExceptions.csproj", "{454D8B5E-997F-4B50-8CCD-E2D5D4A1E044}"
EndProject
Project("{9A19103F-16F7-4668-BE54-9A1E7A4F7556}") = "ExecPropostoExcecoes", "ExecPropostoExcecoes\ExecPropostoExcecoes.csproj", "{28AC70CC-2464-47E3-A591-2FA476A7A5FF}"
EndProject
Project("{9A19103F-16F7-4668-BE54-9A1E7A4F7556}") = "Arquivos", "Arquivos\Arquivos.csproj", "{BA46B2CA-9FA1-4209-A66C-F39F8AB566C2}"
EndProject
Project("{9A19103F-16F7-4668-BE54-9A1E7A4F7556}") = "ExecPropostoSectionEleven", "ExecPropostoSectionEleven\ExecPropostoSectionEleven.csproj", "{0170FB09-28AB-4DA9-822F-F51DEDBA315D}"
EndProject
Project("{9A19103F-16F7-4668-BE54-9A1E7A4F7556}") = "Interfaces", "Interfaces\Interfaces.csproj", "{8392827D-0029-47FD-B4E1-3FAA81001682}"
EndProject
Project("{9A19103F-16F7-4668-BE54-9A1E7A4F7556}") = "ExecInterfaces", "ExecInterfaces\ExecInterfaces.csproj", "{D3DE93AE-28AF-4712-A0EB-BD8F28855D3F}"
EndProject
Project("{9A19103F-16F7-4668-BE54-9A1E7A4F7556}") = "HerdarxCumprir", "HerdarxCumprir\HerdarxCumprir.csproj", "{9990FBA7-AE43-4CE4-ADDD-D595F1A7074D}"
EndProject
Project("{9A19103F-16F7-4668-BE54-9A1E7A4F7556}") = "Heranca_multipla", "Heranca_multipla\Heranca_multipla.csproj", "{34415BD4-29EB-4C70-A879-EC476384F081}"
EndProject
Project("{9A19103F-16F7-4668-BE54-9A1E7A4F7556}") = "IIComparable", "IIComparable\IIComparable.csproj", "{7FCCB64E-1261-4356-B093-3AAA1969002C}"
EndProject
Project("{9A19103F-16F7-4668-BE54-9A1E7A4F7556}") = "GenericsCSharp", "GenericsCSharp\GenericsCSharp.csproj", "{882C24D7-F7F8-42F6-9049-64043DE6ACC0}"
EndProject
Project("{9A19103F-16F7-4668-BE54-9A1E7A4F7556}") = "RestricoesGenerics", "RestricoesGenerics\RestricoesGenerics.csproj", "{754EC52E-1D92-4967-8BCE-BD281600D6E7}"
EndProject
Project("{9A19103F-16F7-4668-BE54-9A1E7A4F7556}") = "GetHashCodeAndEquals", "GetHashCodeAndEquals\GetHashCodeAndEquals.csproj", "{CFD87BEA-95FE-48AC-8527-9ADAE5FF0F56}"
EndProject
Project("{9A19103F-16F7-4668-BE54-9A1E7A4F7556}") = "HashSet_SortedSet", "HashSet_SortedSet\HashSet_SortedSet.csproj", "{C1CA7EF1-D9D8-4EE1-ACD0-73D43D912A84}"
EndProject
Project("{9A19103F-16F7-4668-BE54-9A1E7A4F7556}") = "ExecConj", "ExecConj\ExecConj.csproj", "{86555DB8-BEB0-434D-8EF7-A2F4EC672DE9}"
EndProject
Project("{9A19103F-16F7-4668-BE54-9A1E7A4F7556}") = "ExecPropostoConj", "ExecPropostoConj\ExecPropostoConj.csproj", "{DEC6B32C-6C06-4F29-A349-ED8C88DEA251}"
EndProject
Project("{9A19103F-16F7-4668-BE54-9A1E7A4F7556}") = "Dictionary_SortedDictionary", "Dictionary_SortedDictionary\Dictionary_SortedDictionary.csproj", "{261F02D7-7AC1-4E4A-B093-40BFA85517BB}"
EndProject
Project("{9A19103F-16F7-4668-BE54-9A1E7A4F7556}") = "ExercProposto_15", "ExercProposto_15\ExercProposto_15.csproj", "{4EB1B0EC-9A62-4218-A5B4-1E7435425DC7}"
EndProject
Project("{FAE04EC0-301F-11D3-BF4B-00C04F79EFBC}") = "16_Extension_Methods", "16_Extension_Methods\16_Extension_Methods.csproj", "{D17B3C12-BE5A-42AF-AE48-CF3771511789}"
EndProject
Global
	GlobalSection(SolutionConfigurationPlatforms) = preSolution
		Debug|Any CPU = Debug|Any CPU
		Release|Any CPU = Release|Any CPU
	EndGlobalSection
	GlobalSection(ProjectConfigurationPlatforms) = postSolution
		{7D87CCCD-47A9-4FC7-A108-6FB7C1241CF1}.Debug|Any CPU.ActiveCfg = Debug|Any CPU
		{7D87CCCD-47A9-4FC7-A108-6FB7C1241CF1}.Debug|Any CPU.Build.0 = Debug|Any CPU
		{7D87CCCD-47A9-4FC7-A108-6FB7C1241CF1}.Release|Any CPU.ActiveCfg = Release|Any CPU
		{7D87CCCD-47A9-4FC7-A108-6FB7C1241CF1}.Release|Any CPU.Build.0 = Release|Any CPU
		{6075437F-BC58-474B-9E16-113FBC6EF5CC}.Debug|Any CPU.ActiveCfg = Debug|Any CPU
		{6075437F-BC58-474B-9E16-113FBC6EF5CC}.Debug|Any CPU.Build.0 = Debug|Any CPU
		{6075437F-BC58-474B-9E16-113FBC6EF5CC}.Release|Any CPU.ActiveCfg = Release|Any CPU
		{6075437F-BC58-474B-9E16-113FBC6EF5CC}.Release|Any CPU.Build.0 = Release|Any CPU
		{342640D5-CB6F-47B1-B61C-BE3EE216E34C}.Debug|Any CPU.ActiveCfg = Debug|Any CPU
		{342640D5-CB6F-47B1-B61C-BE3EE216E34C}.Debug|Any CPU.Build.0 = Debug|Any CPU
		{342640D5-CB6F-47B1-B61C-BE3EE216E34C}.Release|Any CPU.ActiveCfg = Release|Any CPU
		{342640D5-CB6F-47B1-B61C-BE3EE216E34C}.Release|Any CPU.Build.0 = Release|Any CPU
		{3D4C92CF-EE01-4ABE-9209-718711FFBDB5}.Debug|Any CPU.ActiveCfg = Debug|Any CPU
		{3D4C92CF-EE01-4ABE-9209-718711FFBDB5}.Debug|Any CPU.Build.0 = Debug|Any CPU
		{3D4C92CF-EE01-4ABE-9209-718711FFBDB5}.Release|Any CPU.ActiveCfg = Release|Any CPU
		{3D4C92CF-EE01-4ABE-9209-718711FFBDB5}.Release|Any CPU.Build.0 = Release|Any CPU
		{C171B4E7-D8AC-4C18-8FBF-CCCE4B112703}.Debug|Any CPU.ActiveCfg = Debug|Any CPU
		{C171B4E7-D8AC-4C18-8FBF-CCCE4B112703}.Debug|Any CPU.Build.0 = Debug|Any CPU
		{C171B4E7-D8AC-4C18-8FBF-CCCE4B112703}.Release|Any CPU.ActiveCfg = Release|Any CPU
		{C171B4E7-D8AC-4C18-8FBF-CCCE4B112703}.Release|Any CPU.Build.0 = Release|Any CPU
		{DE0CCBF6-787B-499A-83F6-5E1244D796B7}.Debug|Any CPU.ActiveCfg = Debug|Any CPU
		{DE0CCBF6-787B-499A-83F6-5E1244D796B7}.Debug|Any CPU.Build.0 = Debug|Any CPU
		{DE0CCBF6-787B-499A-83F6-5E1244D796B7}.Release|Any CPU.ActiveCfg = Release|Any CPU
		{DE0CCBF6-787B-499A-83F6-5E1244D796B7}.Release|Any CPU.Build.0 = Release|Any CPU
		{C92D4F3C-4C7A-491B-A77E-E10C05AB2465}.Debug|Any CPU.ActiveCfg = Debug|Any CPU
		{C92D4F3C-4C7A-491B-A77E-E10C05AB2465}.Debug|Any CPU.Build.0 = Debug|Any CPU
		{C92D4F3C-4C7A-491B-A77E-E10C05AB2465}.Release|Any CPU.ActiveCfg = Release|Any CPU
		{C92D4F3C-4C7A-491B-A77E-E10C05AB2465}.Release|Any CPU.Build.0 = Release|Any CPU
		{B91AF78F-8F03-483E-8350-61B65822A8F5}.Debug|Any CPU.ActiveCfg = Debug|Any CPU
		{B91AF78F-8F03-483E-8350-61B65822A8F5}.Debug|Any CPU.Build.0 = Debug|Any CPU
		{B91AF78F-8F03-483E-8350-61B65822A8F5}.Release|Any CPU.ActiveCfg = Release|Any CPU
		{B91AF78F-8F03-483E-8350-61B65822A8F5}.Release|Any CPU.Build.0 = Release|Any CPU
		{18A3F0B1-7639-49C8-A266-8643CA1D0772}.Debug|Any CPU.ActiveCfg = Debug|Any CPU
		{18A3F0B1-7639-49C8-A266-8643CA1D0772}.Debug|Any CPU.Build.0 = Debug|Any CPU
		{18A3F0B1-7639-49C8-A266-8643CA1D0772}.Release|Any CPU.ActiveCfg = Release|Any CPU
		{18A3F0B1-7639-49C8-A266-8643CA1D0772}.Release|Any CPU.Build.0 = Release|Any CPU
		{454D8B5E-997F-4B50-8CCD-E2D5D4A1E044}.Debug|Any CPU.ActiveCfg = Debug|Any CPU
		{454D8B5E-997F-4B50-8CCD-E2D5D4A1E044}.Debug|Any CPU.Build.0 = Debug|Any CPU
		{454D8B5E-997F-4B50-8CCD-E2D5D4A1E044}.Release|Any CPU.ActiveCfg = Release|Any CPU
		{454D8B5E-997F-4B50-8CCD-E2D5D4A1E044}.Release|Any CPU.Build.0 = Release|Any CPU
		{28AC70CC-2464-47E3-A591-2FA476A7A5FF}.Debug|Any CPU.ActiveCfg = Debug|Any CPU
		{28AC70CC-2464-47E3-A591-2FA476A7A5FF}.Debug|Any CPU.Build.0 = Debug|Any CPU
		{28AC70CC-2464-47E3-A591-2FA476A7A5FF}.Release|Any CPU.ActiveCfg = Release|Any CPU
		{28AC70CC-2464-47E3-A591-2FA476A7A5FF}.Release|Any CPU.Build.0 = Release|Any CPU
		{BA46B2CA-9FA1-4209-A66C-F39F8AB566C2}.Debug|Any CPU.ActiveCfg = Debug|Any CPU
		{BA46B2CA-9FA1-4209-A66C-F39F8AB566C2}.Debug|Any CPU.Build.0 = Debug|Any CPU
		{BA46B2CA-9FA1-4209-A66C-F39F8AB566C2}.Release|Any CPU.ActiveCfg = Release|Any CPU
		{BA46B2CA-9FA1-4209-A66C-F39F8AB566C2}.Release|Any CPU.Build.0 = Release|Any CPU
		{0170FB09-28AB-4DA9-822F-F51DEDBA315D}.Debug|Any CPU.ActiveCfg = Debug|Any CPU
		{0170FB09-28AB-4DA9-822F-F51DEDBA315D}.Debug|Any CPU.Build.0 = Debug|Any CPU
		{0170FB09-28AB-4DA9-822F-F51DEDBA315D}.Release|Any CPU.ActiveCfg = Release|Any CPU
		{0170FB09-28AB-4DA9-822F-F51DEDBA315D}.Release|Any CPU.Build.0 = Release|Any CPU
		{8392827D-0029-47FD-B4E1-3FAA81001682}.Debug|Any CPU.ActiveCfg = Debug|Any CPU
		{8392827D-0029-47FD-B4E1-3FAA81001682}.Debug|Any CPU.Build.0 = Debug|Any CPU
		{8392827D-0029-47FD-B4E1-3FAA81001682}.Release|Any CPU.ActiveCfg = Release|Any CPU
		{8392827D-0029-47FD-B4E1-3FAA81001682}.Release|Any CPU.Build.0 = Release|Any CPU
		{D3DE93AE-28AF-4712-A0EB-BD8F28855D3F}.Debug|Any CPU.ActiveCfg = Debug|Any CPU
		{D3DE93AE-28AF-4712-A0EB-BD8F28855D3F}.Debug|Any CPU.Build.0 = Debug|Any CPU
		{D3DE93AE-28AF-4712-A0EB-BD8F28855D3F}.Release|Any CPU.ActiveCfg = Release|Any CPU
		{D3DE93AE-28AF-4712-A0EB-BD8F28855D3F}.Release|Any CPU.Build.0 = Release|Any CPU
		{9990FBA7-AE43-4CE4-ADDD-D595F1A7074D}.Debug|Any CPU.ActiveCfg = Debug|Any CPU
		{9990FBA7-AE43-4CE4-ADDD-D595F1A7074D}.Debug|Any CPU.Build.0 = Debug|Any CPU
		{9990FBA7-AE43-4CE4-ADDD-D595F1A7074D}.Release|Any CPU.ActiveCfg = Release|Any CPU
		{9990FBA7-AE43-4CE4-ADDD-D595F1A7074D}.Release|Any CPU.Build.0 = Release|Any CPU
		{34415BD4-29EB-4C70-A879-EC476384F081}.Debug|Any CPU.ActiveCfg = Debug|Any CPU
		{34415BD4-29EB-4C70-A879-EC476384F081}.Debug|Any CPU.Build.0 = Debug|Any CPU
		{34415BD4-29EB-4C70-A879-EC476384F081}.Release|Any CPU.ActiveCfg = Release|Any CPU
		{34415BD4-29EB-4C70-A879-EC476384F081}.Release|Any CPU.Build.0 = Release|Any CPU
		{7FCCB64E-1261-4356-B093-3AAA1969002C}.Debug|Any CPU.ActiveCfg = Debug|Any CPU
		{7FCCB64E-1261-4356-B093-3AAA1969002C}.Debug|Any CPU.Build.0 = Debug|Any CPU
		{7FCCB64E-1261-4356-B093-3AAA1969002C}.Release|Any CPU.ActiveCfg = Release|Any CPU
		{7FCCB64E-1261-4356-B093-3AAA1969002C}.Release|Any CPU.Build.0 = Release|Any CPU
		{882C24D7-F7F8-42F6-9049-64043DE6ACC0}.Debug|Any CPU.ActiveCfg = Debug|Any CPU
		{882C24D7-F7F8-42F6-9049-64043DE6ACC0}.Debug|Any CPU.Build.0 = Debug|Any CPU
		{882C24D7-F7F8-42F6-9049-64043DE6ACC0}.Release|Any CPU.ActiveCfg = Release|Any CPU
		{882C24D7-F7F8-42F6-9049-64043DE6ACC0}.Release|Any CPU.Build.0 = Release|Any CPU
		{754EC52E-1D92-4967-8BCE-BD281600D6E7}.Debug|Any CPU.ActiveCfg = Debug|Any CPU
		{754EC52E-1D92-4967-8BCE-BD281600D6E7}.Debug|Any CPU.Build.0 = Debug|Any CPU
		{754EC52E-1D92-4967-8BCE-BD281600D6E7}.Release|Any CPU.ActiveCfg = Release|Any CPU
		{754EC52E-1D92-4967-8BCE-BD281600D6E7}.Release|Any CPU.Build.0 = Release|Any CPU
		{CFD87BEA-95FE-48AC-8527-9ADAE5FF0F56}.Debug|Any CPU.ActiveCfg = Debug|Any CPU
		{CFD87BEA-95FE-48AC-8527-9ADAE5FF0F56}.Debug|Any CPU.Build.0 = Debug|Any CPU
		{CFD87BEA-95FE-48AC-8527-9ADAE5FF0F56}.Release|Any CPU.ActiveCfg = Release|Any CPU
		{CFD87BEA-95FE-48AC-8527-9ADAE5FF0F56}.Release|Any CPU.Build.0 = Release|Any CPU
		{C1CA7EF1-D9D8-4EE1-ACD0-73D43D912A84}.Debug|Any CPU.ActiveCfg = Debug|Any CPU
		{C1CA7EF1-D9D8-4EE1-ACD0-73D43D912A84}.Debug|Any CPU.Build.0 = Debug|Any CPU
		{C1CA7EF1-D9D8-4EE1-ACD0-73D43D912A84}.Release|Any CPU.ActiveCfg = Release|Any CPU
		{C1CA7EF1-D9D8-4EE1-ACD0-73D43D912A84}.Release|Any CPU.Build.0 = Release|Any CPU
		{86555DB8-BEB0-434D-8EF7-A2F4EC672DE9}.Debug|Any CPU.ActiveCfg = Debug|Any CPU
		{86555DB8-BEB0-434D-8EF7-A2F4EC672DE9}.Debug|Any CPU.Build.0 = Debug|Any CPU
		{86555DB8-BEB0-434D-8EF7-A2F4EC672DE9}.Release|Any CPU.ActiveCfg = Release|Any CPU
		{86555DB8-BEB0-434D-8EF7-A2F4EC672DE9}.Release|Any CPU.Build.0 = Release|Any CPU
		{DEC6B32C-6C06-4F29-A349-ED8C88DEA251}.Debug|Any CPU.ActiveCfg = Debug|Any CPU
		{DEC6B32C-6C06-4F29-A349-ED8C88DEA251}.Debug|Any CPU.Build.0 = Debug|Any CPU
		{DEC6B32C-6C06-4F29-A349-ED8C88DEA251}.Release|Any CPU.ActiveCfg = Release|Any CPU
		{DEC6B32C-6C06-4F29-A349-ED8C88DEA251}.Release|Any CPU.Build.0 = Release|Any CPU
		{261F02D7-7AC1-4E4A-B093-40BFA85517BB}.Debug|Any CPU.ActiveCfg = Debug|Any CPU
		{261F02D7-7AC1-4E4A-B093-40BFA85517BB}.Debug|Any CPU.Build.0 = Debug|Any CPU
		{261F02D7-7AC1-4E4A-B093-40BFA85517BB}.Release|Any CPU.ActiveCfg = Release|Any CPU
		{261F02D7-7AC1-4E4A-B093-40BFA85517BB}.Release|Any CPU.Build.0 = Release|Any CPU
		{4EB1B0EC-9A62-4218-A5B4-1E7435425DC7}.Debug|Any CPU.ActiveCfg = Debug|Any CPU
		{4EB1B0EC-9A62-4218-A5B4-1E7435425DC7}.Debug|Any CPU.Build.0 = Debug|Any CPU
		{4EB1B0EC-9A62-4218-A5B4-1E7435425DC7}.Release|Any CPU.ActiveCfg = Release|Any CPU
		{4EB1B0EC-9A62-4218-A5B4-1E7435425DC7}.Release|Any CPU.Build.0 = Release|Any CPU
		{D17B3C12-BE5A-42AF-AE48-CF3771511789}.Debug|Any CPU.ActiveCfg = Debug|Any CPU
		{D17B3C12-BE5A-42AF-AE48-CF3771511789}.Debug|Any CPU.Build.0 = Debug|Any CPU
		{D17B3C12-BE5A-42AF-AE48-CF3771511789}.Release|Any CPU.ActiveCfg = Release|Any CPU
		{D17B3C12-BE5A-42AF-AE48-CF3771511789}.Release|Any CPU.Build.0 = Release|Any CPU
	EndGlobalSection
	GlobalSection(SolutionProperties) = preSolution
		HideSolutionNode = FALSE
	EndGlobalSection
	GlobalSection(ExtensibilityGlobals) = postSolution
		SolutionGuid = {F5E02FAC-F8C2-4338-BDFC-1ABF683249BA}
	EndGlobalSection
EndGlobal
